// !$*UTF8*$!
{
	archiveVersion = 1;
	classes = {
	};
	objectVersion = 50;
	objects = {

/* Begin PBXBuildFile section */
		664CBF6D2463FFDB0041E711 /* DetailViewController.swift in Sources */ = {isa = PBXBuildFile; fileRef = 664CBF6C2463FFDB0041E711 /* DetailViewController.swift */; };
		664CBF6F24646A560041E711 /* TitleViewController.swift in Sources */ = {isa = PBXBuildFile; fileRef = 664CBF6E24646A560041E711 /* TitleViewController.swift */; };
		664CBF91246553470041E711 /* StartingViewController.swift in Sources */ = {isa = PBXBuildFile; fileRef = 664CBF90246553470041E711 /* StartingViewController.swift */; };
		6664760F247F8FC2009CD465 /* PrefectureViewController.swift in Sources */ = {isa = PBXBuildFile; fileRef = 6664760E247F8FC2009CD465 /* PrefectureViewController.swift */; };
		6664761324804C2B009CD465 /* HokkaidoViewController.swift in Sources */ = {isa = PBXBuildFile; fileRef = 6664761224804C2B009CD465 /* HokkaidoViewController.swift */; };
		6664761524813576009CD465 /* MiyagiViewController.swift in Sources */ = {isa = PBXBuildFile; fileRef = 6664761424813576009CD465 /* MiyagiViewController.swift */; };
		66647617248174E5009CD465 /* AomoriViewController.swift in Sources */ = {isa = PBXBuildFile; fileRef = 66647616248174E5009CD465 /* AomoriViewController.swift */; };
		6664761924817523009CD465 /* AkitaViewController.swift in Sources */ = {isa = PBXBuildFile; fileRef = 6664761824817523009CD465 /* AkitaViewController.swift */; };
		6664761B24817537009CD465 /* YamagataViewController.swift in Sources */ = {isa = PBXBuildFile; fileRef = 6664761A24817537009CD465 /* YamagataViewController.swift */; };
		6664761D24817548009CD465 /* FukushimaViewController.swift in Sources */ = {isa = PBXBuildFile; fileRef = 6664761C24817548009CD465 /* FukushimaViewController.swift */; };
		6664761F24817560009CD465 /* IwateViewController.swift in Sources */ = {isa = PBXBuildFile; fileRef = 6664761E24817560009CD465 /* IwateViewController.swift */; };
		6664762124817575009CD465 /* IbaragiViewController.swift in Sources */ = {isa = PBXBuildFile; fileRef = 6664762024817575009CD465 /* IbaragiViewController.swift */; };
		6664762324817587009CD465 /* GunmaViewController.swift in Sources */ = {isa = PBXBuildFile; fileRef = 6664762224817587009CD465 /* GunmaViewController.swift */; };
		6664762524817598009CD465 /* SaitamaViewController.swift in Sources */ = {isa = PBXBuildFile; fileRef = 6664762424817598009CD465 /* SaitamaViewController.swift */; };
		66647627248175A9009CD465 /* ChibaViewController.swift in Sources */ = {isa = PBXBuildFile; fileRef = 66647626248175A9009CD465 /* ChibaViewController.swift */; };
		66647629248175BD009CD465 /* TokyoViewController.swift in Sources */ = {isa = PBXBuildFile; fileRef = 66647628248175BD009CD465 /* TokyoViewController.swift */; };
		6664762B248175D2009CD465 /* KanagawaViewController.swift in Sources */ = {isa = PBXBuildFile; fileRef = 6664762A248175D2009CD465 /* KanagawaViewController.swift */; };
		6664762D24822BB4009CD465 /* NiigataViewController.swift in Sources */ = {isa = PBXBuildFile; fileRef = 6664762C24822BB4009CD465 /* NiigataViewController.swift */; };
		6664762F24822BC7009CD465 /* ToyamaViewController.swift in Sources */ = {isa = PBXBuildFile; fileRef = 6664762E24822BC7009CD465 /* ToyamaViewController.swift */; };
		6664763124822BD6009CD465 /* IshikawaViewController.swift in Sources */ = {isa = PBXBuildFile; fileRef = 6664763024822BD6009CD465 /* IshikawaViewController.swift */; };
		6664763324822BE5009CD465 /* FukuiViewController.swift in Sources */ = {isa = PBXBuildFile; fileRef = 6664763224822BE5009CD465 /* FukuiViewController.swift */; };
		6664763524822BF6009CD465 /* YamanashiViewController.swift in Sources */ = {isa = PBXBuildFile; fileRef = 6664763424822BF6009CD465 /* YamanashiViewController.swift */; };
		6664763724822C04009CD465 /* NaganoViewController.swift in Sources */ = {isa = PBXBuildFile; fileRef = 6664763624822C04009CD465 /* NaganoViewController.swift */; };
		6664763924822C15009CD465 /* GifuViewController.swift in Sources */ = {isa = PBXBuildFile; fileRef = 6664763824822C15009CD465 /* GifuViewController.swift */; };
		6664763B24822C2B009CD465 /* ShizuokaViewController.swift in Sources */ = {isa = PBXBuildFile; fileRef = 6664763A24822C2B009CD465 /* ShizuokaViewController.swift */; };
		6664763D24822C44009CD465 /* AichiViewController.swift in Sources */ = {isa = PBXBuildFile; fileRef = 6664763C24822C44009CD465 /* AichiViewController.swift */; };
		6664763F24822D17009CD465 /* OsakaViewController.swift in Sources */ = {isa = PBXBuildFile; fileRef = 6664763E24822D17009CD465 /* OsakaViewController.swift */; };
		6664764124822D27009CD465 /* KyotoViewController.swift in Sources */ = {isa = PBXBuildFile; fileRef = 6664764024822D27009CD465 /* KyotoViewController.swift */; };
		6664764324822D3D009CD465 /* HyogoViewController.swift in Sources */ = {isa = PBXBuildFile; fileRef = 6664764224822D3D009CD465 /* HyogoViewController.swift */; };
		6664764524822D56009CD465 /* NaraViewController.swift in Sources */ = {isa = PBXBuildFile; fileRef = 6664764424822D56009CD465 /* NaraViewController.swift */; };
		6664764724822D64009CD465 /* MieViewController.swift in Sources */ = {isa = PBXBuildFile; fileRef = 6664764624822D64009CD465 /* MieViewController.swift */; };
		6664764924822D71009CD465 /* ShigaViewController.swift in Sources */ = {isa = PBXBuildFile; fileRef = 6664764824822D71009CD465 /* ShigaViewController.swift */; };
		6664764B24822D83009CD465 /* WakayamaViewController.swift in Sources */ = {isa = PBXBuildFile; fileRef = 6664764A24822D83009CD465 /* WakayamaViewController.swift */; };
		6664764D24822D90009CD465 /* ShimaneViewController.swift in Sources */ = {isa = PBXBuildFile; fileRef = 6664764C24822D90009CD465 /* ShimaneViewController.swift */; };
		6664764F24822DB1009CD465 /* TtotoriViewController.swift in Sources */ = {isa = PBXBuildFile; fileRef = 6664764E24822DB1009CD465 /* TtotoriViewController.swift */; };
		6664765124822DC1009CD465 /* OkayamaViewController.swift in Sources */ = {isa = PBXBuildFile; fileRef = 6664765024822DC1009CD465 /* OkayamaViewController.swift */; };
		6664765324822DCF009CD465 /* HiroshimaViewController.swift in Sources */ = {isa = PBXBuildFile; fileRef = 6664765224822DCF009CD465 /* HiroshimaViewController.swift */; };
		6664765524822DEB009CD465 /* YamaguchiViewController.swift in Sources */ = {isa = PBXBuildFile; fileRef = 6664765424822DEB009CD465 /* YamaguchiViewController.swift */; };
		6664765724822EA1009CD465 /* KagawaViewController.swift in Sources */ = {isa = PBXBuildFile; fileRef = 6664765624822EA1009CD465 /* KagawaViewController.swift */; };
		6664765924822EB5009CD465 /* TokushimaViewController.swift in Sources */ = {isa = PBXBuildFile; fileRef = 6664765824822EB5009CD465 /* TokushimaViewController.swift */; };
		6664765B24822EC3009CD465 /* EhimeViewController.swift in Sources */ = {isa = PBXBuildFile; fileRef = 6664765A24822EC3009CD465 /* EhimeViewController.swift */; };
		6664765D24822ED3009CD465 /* KochiViewController.swift in Sources */ = {isa = PBXBuildFile; fileRef = 6664765C24822ED3009CD465 /* KochiViewController.swift */; };
		6664765F24822EE1009CD465 /* FukuokaViewController.swift in Sources */ = {isa = PBXBuildFile; fileRef = 6664765E24822EE1009CD465 /* FukuokaViewController.swift */; };
		6664766124822EEC009CD465 /* SagaViewController.swift in Sources */ = {isa = PBXBuildFile; fileRef = 6664766024822EEC009CD465 /* SagaViewController.swift */; };
		6664766324822EFB009CD465 /* NagasakiViewController.swift in Sources */ = {isa = PBXBuildFile; fileRef = 6664766224822EFB009CD465 /* NagasakiViewController.swift */; };
		6664766524822F0E009CD465 /* KumamotoViewController.swift in Sources */ = {isa = PBXBuildFile; fileRef = 6664766424822F0E009CD465 /* KumamotoViewController.swift */; };
		6664766724822F1B009CD465 /* OitaViewController.swift in Sources */ = {isa = PBXBuildFile; fileRef = 6664766624822F1B009CD465 /* OitaViewController.swift */; };
		6664766924822F2A009CD465 /* MiyazakiViewController.swift in Sources */ = {isa = PBXBuildFile; fileRef = 6664766824822F2A009CD465 /* MiyazakiViewController.swift */; };
		6664766B24822F3B009CD465 /* KagoshimaViewController.swift in Sources */ = {isa = PBXBuildFile; fileRef = 6664766A24822F3B009CD465 /* KagoshimaViewController.swift */; };
		6664766D24822F46009CD465 /* OkinawaViewController.swift in Sources */ = {isa = PBXBuildFile; fileRef = 6664766C24822F46009CD465 /* OkinawaViewController.swift */; };
		66EFFBA92438393900072E86 /* AppDelegate.swift in Sources */ = {isa = PBXBuildFile; fileRef = 66EFFBA82438393900072E86 /* AppDelegate.swift */; };
		66EFFBAB2438393900072E86 /* SceneDelegate.swift in Sources */ = {isa = PBXBuildFile; fileRef = 66EFFBAA2438393900072E86 /* SceneDelegate.swift */; };
		66EFFBAD2438393900072E86 /* ViewController.swift in Sources */ = {isa = PBXBuildFile; fileRef = 66EFFBAC2438393900072E86 /* ViewController.swift */; };
		66EFFBB02438393900072E86 /* Main.storyboard in Resources */ = {isa = PBXBuildFile; fileRef = 66EFFBAE2438393900072E86 /* Main.storyboard */; };
		66EFFBB22438393F00072E86 /* Assets.xcassets in Resources */ = {isa = PBXBuildFile; fileRef = 66EFFBB12438393F00072E86 /* Assets.xcassets */; };
		66EFFBB52438393F00072E86 /* LaunchScreen.storyboard in Resources */ = {isa = PBXBuildFile; fileRef = 66EFFBB32438393F00072E86 /* LaunchScreen.storyboard */; };
		66EFFBBD243F892D00072E86 /* MapViewController.swift in Sources */ = {isa = PBXBuildFile; fileRef = 66EFFBBC243F892D00072E86 /* MapViewController.swift */; };
/* End PBXBuildFile section */

/* Begin PBXFileReference section */
		664CBEFE24616F780041E711 /* LICENSE */ = {isa = PBXFileReference; lastKnownFileType = text; path = LICENSE; sourceTree = "<group>"; };
		664CBEFF24616F780041E711 /* Combinatorics.xcworkspace */ = {isa = PBXFileReference; lastKnownFileType = wrapper.workspace; path = Combinatorics.xcworkspace; sourceTree = "<group>"; };
		664CBF0224616F780041E711 /* XCTestManifests.swift */ = {isa = PBXFileReference; lastKnownFileType = sourcecode.swift; path = XCTestManifests.swift; sourceTree = "<group>"; };
		664CBF0324616F780041E711 /* CombinatoricsTests.swift */ = {isa = PBXFileReference; lastKnownFileType = sourcecode.swift; path = CombinatoricsTests.swift; sourceTree = "<group>"; };
		664CBF0424616F780041E711 /* LinuxMain.swift */ = {isa = PBXFileReference; lastKnownFileType = sourcecode.swift; path = LinuxMain.swift; sourceTree = "<group>"; };
		664CBF0624616F780041E711 /* Combinatorics.playground */ = {isa = PBXFileReference; lastKnownFileType = file.playground; path = Combinatorics.playground; sourceTree = "<group>"; };
		664CBF0724616F780041E711 /* README.md */ = {isa = PBXFileReference; lastKnownFileType = net.daringfireball.markdown; path = README.md; sourceTree = "<group>"; };
		664CBF0924616F780041E711 /* README.md */ = {isa = PBXFileReference; lastKnownFileType = net.daringfireball.markdown; path = README.md; sourceTree = "<group>"; };
		664CBF0A24616F780041E711 /* .gitignore */ = {isa = PBXFileReference; lastKnownFileType = text; path = .gitignore; sourceTree = "<group>"; };
		664CBF0B24616F780041E711 /* Package.swift */ = {isa = PBXFileReference; lastKnownFileType = sourcecode.swift; path = Package.swift; sourceTree = "<group>"; };
		664CBF0E24616F780041E711 /* main.swift */ = {isa = PBXFileReference; lastKnownFileType = sourcecode.swift; path = main.swift; sourceTree = "<group>"; };
		664CBF0F24616F780041E711 /* .gitignore */ = {isa = PBXFileReference; lastKnownFileType = text; path = .gitignore; sourceTree = "<group>"; };
		664CBF1124616F780041E711 /* travis-prep.sh */ = {isa = PBXFileReference; lastKnownFileType = text.script.sh; path = "travis-prep.sh"; sourceTree = "<group>"; };
		664CBF1224616F780041E711 /* run-repl.sh */ = {isa = PBXFileReference; lastKnownFileType = text.script.sh; path = "run-repl.sh"; sourceTree = "<group>"; };
		664CBF1324616F780041E711 /* ios-prep.sh */ = {isa = PBXFileReference; lastKnownFileType = text.script.sh; path = "ios-prep.sh"; sourceTree = "<group>"; };
		664CBF1424616F780041E711 /* xcode-prep.sh */ = {isa = PBXFileReference; lastKnownFileType = text.script.sh; path = "xcode-prep.sh"; sourceTree = "<group>"; };
		664CBF1524616F780041E711 /* Package.swift */ = {isa = PBXFileReference; lastKnownFileType = sourcecode.swift; path = Package.swift; sourceTree = "<group>"; };
		664CBF1824616F780041E711 /* Combinatorics.swift */ = {isa = PBXFileReference; lastKnownFileType = sourcecode.swift; path = Combinatorics.swift; sourceTree = "<group>"; };
		664CBF1B24616F780041E711 /* package.xcworkspace */ = {isa = PBXFileReference; lastKnownFileType = wrapper.workspace; path = package.xcworkspace; sourceTree = "<group>"; };
		664CBF1F24616F780041E711 /* xcschememanagement.plist */ = {isa = PBXFileReference; lastKnownFileType = text.plist.xml; path = xcschememanagement.plist; sourceTree = "<group>"; };
		664CBF2024616F780041E711 /* macOS.playground */ = {isa = PBXFileReference; lastKnownFileType = file.playground; path = macOS.playground; sourceTree = "<group>"; };
		664CBF2124616F780041E711 /* .travis.yml */ = {isa = PBXFileReference; lastKnownFileType = text.yaml; path = .travis.yml; sourceTree = "<group>"; };
		664CBF2324616FE30041E711 /* LICENSE */ = {isa = PBXFileReference; lastKnownFileType = text; path = LICENSE; sourceTree = "<group>"; };
		664CBF2424616FE30041E711 /* Combinatorics.xcworkspace */ = {isa = PBXFileReference; lastKnownFileType = wrapper.workspace; path = Combinatorics.xcworkspace; sourceTree = "<group>"; };
		664CBF2724616FE30041E711 /* XCTestManifests.swift */ = {isa = PBXFileReference; lastKnownFileType = sourcecode.swift; path = XCTestManifests.swift; sourceTree = "<group>"; };
		664CBF2824616FE30041E711 /* CombinatoricsTests.swift */ = {isa = PBXFileReference; lastKnownFileType = sourcecode.swift; path = CombinatoricsTests.swift; sourceTree = "<group>"; };
		664CBF2924616FE30041E711 /* LinuxMain.swift */ = {isa = PBXFileReference; lastKnownFileType = sourcecode.swift; path = LinuxMain.swift; sourceTree = "<group>"; };
		664CBF2B24616FE30041E711 /* Combinatorics.playground */ = {isa = PBXFileReference; lastKnownFileType = file.playground; path = Combinatorics.playground; sourceTree = "<group>"; };
		664CBF2C24616FE30041E711 /* README.md */ = {isa = PBXFileReference; lastKnownFileType = net.daringfireball.markdown; path = README.md; sourceTree = "<group>"; };
		664CBF2E24616FE30041E711 /* README.md */ = {isa = PBXFileReference; lastKnownFileType = net.daringfireball.markdown; path = README.md; sourceTree = "<group>"; };
		664CBF2F24616FE30041E711 /* .gitignore */ = {isa = PBXFileReference; lastKnownFileType = text; path = .gitignore; sourceTree = "<group>"; };
		664CBF3024616FE30041E711 /* Package.swift */ = {isa = PBXFileReference; lastKnownFileType = sourcecode.swift; path = Package.swift; sourceTree = "<group>"; };
		664CBF3324616FE30041E711 /* main.swift */ = {isa = PBXFileReference; lastKnownFileType = sourcecode.swift; path = main.swift; sourceTree = "<group>"; };
		664CBF3424616FE30041E711 /* .gitignore */ = {isa = PBXFileReference; lastKnownFileType = text; path = .gitignore; sourceTree = "<group>"; };
		664CBF3624616FE30041E711 /* travis-prep.sh */ = {isa = PBXFileReference; lastKnownFileType = text.script.sh; path = "travis-prep.sh"; sourceTree = "<group>"; };
		664CBF3724616FE30041E711 /* run-repl.sh */ = {isa = PBXFileReference; lastKnownFileType = text.script.sh; path = "run-repl.sh"; sourceTree = "<group>"; };
		664CBF3824616FE30041E711 /* ios-prep.sh */ = {isa = PBXFileReference; lastKnownFileType = text.script.sh; path = "ios-prep.sh"; sourceTree = "<group>"; };
		664CBF3924616FE30041E711 /* xcode-prep.sh */ = {isa = PBXFileReference; lastKnownFileType = text.script.sh; path = "xcode-prep.sh"; sourceTree = "<group>"; };
		664CBF3A24616FE30041E711 /* Package.swift */ = {isa = PBXFileReference; lastKnownFileType = sourcecode.swift; path = Package.swift; sourceTree = "<group>"; };
		664CBF3D24616FE30041E711 /* Combinatorics.swift */ = {isa = PBXFileReference; lastKnownFileType = sourcecode.swift; path = Combinatorics.swift; sourceTree = "<group>"; };
		664CBF4024616FE30041E711 /* package.xcworkspace */ = {isa = PBXFileReference; lastKnownFileType = wrapper.workspace; path = package.xcworkspace; sourceTree = "<group>"; };
		664CBF4424616FE30041E711 /* xcschememanagement.plist */ = {isa = PBXFileReference; lastKnownFileType = text.plist.xml; path = xcschememanagement.plist; sourceTree = "<group>"; };
		664CBF4524616FE30041E711 /* macOS.playground */ = {isa = PBXFileReference; lastKnownFileType = file.playground; path = macOS.playground; sourceTree = "<group>"; };
		664CBF4624616FE30041E711 /* .travis.yml */ = {isa = PBXFileReference; lastKnownFileType = text.yaml; path = .travis.yml; sourceTree = "<group>"; };
		664CBF48246170050041E711 /* LICENSE */ = {isa = PBXFileReference; lastKnownFileType = text; path = LICENSE; sourceTree = "<group>"; };
		664CBF49246170050041E711 /* Combinatorics.xcworkspace */ = {isa = PBXFileReference; lastKnownFileType = wrapper.workspace; path = Combinatorics.xcworkspace; sourceTree = "<group>"; };
		664CBF4C246170050041E711 /* XCTestManifests.swift */ = {isa = PBXFileReference; lastKnownFileType = sourcecode.swift; path = XCTestManifests.swift; sourceTree = "<group>"; };
		664CBF4D246170050041E711 /* CombinatoricsTests.swift */ = {isa = PBXFileReference; lastKnownFileType = sourcecode.swift; path = CombinatoricsTests.swift; sourceTree = "<group>"; };
		664CBF4E246170050041E711 /* LinuxMain.swift */ = {isa = PBXFileReference; lastKnownFileType = sourcecode.swift; path = LinuxMain.swift; sourceTree = "<group>"; };
		664CBF50246170050041E711 /* Combinatorics.playground */ = {isa = PBXFileReference; lastKnownFileType = file.playground; path = Combinatorics.playground; sourceTree = "<group>"; };
		664CBF51246170050041E711 /* README.md */ = {isa = PBXFileReference; lastKnownFileType = net.daringfireball.markdown; path = README.md; sourceTree = "<group>"; };
		664CBF53246170050041E711 /* README.md */ = {isa = PBXFileReference; lastKnownFileType = net.daringfireball.markdown; path = README.md; sourceTree = "<group>"; };
		664CBF54246170050041E711 /* .gitignore */ = {isa = PBXFileReference; lastKnownFileType = text; path = .gitignore; sourceTree = "<group>"; };
		664CBF55246170050041E711 /* Package.swift */ = {isa = PBXFileReference; lastKnownFileType = sourcecode.swift; path = Package.swift; sourceTree = "<group>"; };
		664CBF58246170050041E711 /* main.swift */ = {isa = PBXFileReference; lastKnownFileType = sourcecode.swift; path = main.swift; sourceTree = "<group>"; };
		664CBF59246170050041E711 /* .gitignore */ = {isa = PBXFileReference; lastKnownFileType = text; path = .gitignore; sourceTree = "<group>"; };
		664CBF5B246170050041E711 /* travis-prep.sh */ = {isa = PBXFileReference; lastKnownFileType = text.script.sh; path = "travis-prep.sh"; sourceTree = "<group>"; };
		664CBF5C246170050041E711 /* run-repl.sh */ = {isa = PBXFileReference; lastKnownFileType = text.script.sh; path = "run-repl.sh"; sourceTree = "<group>"; };
		664CBF5D246170050041E711 /* ios-prep.sh */ = {isa = PBXFileReference; lastKnownFileType = text.script.sh; path = "ios-prep.sh"; sourceTree = "<group>"; };
		664CBF5E246170050041E711 /* xcode-prep.sh */ = {isa = PBXFileReference; lastKnownFileType = text.script.sh; path = "xcode-prep.sh"; sourceTree = "<group>"; };
		664CBF5F246170050041E711 /* Package.swift */ = {isa = PBXFileReference; lastKnownFileType = sourcecode.swift; path = Package.swift; sourceTree = "<group>"; };
		664CBF62246170050041E711 /* Combinatorics.swift */ = {isa = PBXFileReference; lastKnownFileType = sourcecode.swift; path = Combinatorics.swift; sourceTree = "<group>"; };
		664CBF65246170050041E711 /* package.xcworkspace */ = {isa = PBXFileReference; lastKnownFileType = wrapper.workspace; path = package.xcworkspace; sourceTree = "<group>"; };
		664CBF69246170050041E711 /* xcschememanagement.plist */ = {isa = PBXFileReference; lastKnownFileType = text.plist.xml; path = xcschememanagement.plist; sourceTree = "<group>"; };
		664CBF6A246170050041E711 /* macOS.playground */ = {isa = PBXFileReference; lastKnownFileType = file.playground; path = macOS.playground; sourceTree = "<group>"; };
		664CBF6B246170050041E711 /* .travis.yml */ = {isa = PBXFileReference; lastKnownFileType = text.yaml; path = .travis.yml; sourceTree = "<group>"; };
		664CBF6C2463FFDB0041E711 /* DetailViewController.swift */ = {isa = PBXFileReference; lastKnownFileType = sourcecode.swift; path = DetailViewController.swift; sourceTree = "<group>"; };
		664CBF6E24646A560041E711 /* TitleViewController.swift */ = {isa = PBXFileReference; lastKnownFileType = sourcecode.swift; path = TitleViewController.swift; sourceTree = "<group>"; };
		664CBF90246553470041E711 /* StartingViewController.swift */ = {isa = PBXFileReference; lastKnownFileType = sourcecode.swift; path = StartingViewController.swift; sourceTree = "<group>"; };
		6664760E247F8FC2009CD465 /* PrefectureViewController.swift */ = {isa = PBXFileReference; lastKnownFileType = sourcecode.swift; path = PrefectureViewController.swift; sourceTree = "<group>"; };
		6664761224804C2B009CD465 /* HokkaidoViewController.swift */ = {isa = PBXFileReference; lastKnownFileType = sourcecode.swift; path = HokkaidoViewController.swift; sourceTree = "<group>"; };
		6664761424813576009CD465 /* MiyagiViewController.swift */ = {isa = PBXFileReference; lastKnownFileType = sourcecode.swift; path = MiyagiViewController.swift; sourceTree = "<group>"; };
		66647616248174E5009CD465 /* AomoriViewController.swift */ = {isa = PBXFileReference; lastKnownFileType = sourcecode.swift; path = AomoriViewController.swift; sourceTree = "<group>"; };
		6664761824817523009CD465 /* AkitaViewController.swift */ = {isa = PBXFileReference; lastKnownFileType = sourcecode.swift; path = AkitaViewController.swift; sourceTree = "<group>"; };
		6664761A24817537009CD465 /* YamagataViewController.swift */ = {isa = PBXFileReference; lastKnownFileType = sourcecode.swift; path = YamagataViewController.swift; sourceTree = "<group>"; };
		6664761C24817548009CD465 /* FukushimaViewController.swift */ = {isa = PBXFileReference; lastKnownFileType = sourcecode.swift; path = FukushimaViewController.swift; sourceTree = "<group>"; };
		6664761E24817560009CD465 /* IwateViewController.swift */ = {isa = PBXFileReference; lastKnownFileType = sourcecode.swift; path = IwateViewController.swift; sourceTree = "<group>"; };
		6664762024817575009CD465 /* IbaragiViewController.swift */ = {isa = PBXFileReference; lastKnownFileType = sourcecode.swift; path = IbaragiViewController.swift; sourceTree = "<group>"; };
		6664762224817587009CD465 /* GunmaViewController.swift */ = {isa = PBXFileReference; lastKnownFileType = sourcecode.swift; path = GunmaViewController.swift; sourceTree = "<group>"; };
		6664762424817598009CD465 /* SaitamaViewController.swift */ = {isa = PBXFileReference; lastKnownFileType = sourcecode.swift; path = SaitamaViewController.swift; sourceTree = "<group>"; };
		66647626248175A9009CD465 /* ChibaViewController.swift */ = {isa = PBXFileReference; lastKnownFileType = sourcecode.swift; path = ChibaViewController.swift; sourceTree = "<group>"; };
		66647628248175BD009CD465 /* TokyoViewController.swift */ = {isa = PBXFileReference; lastKnownFileType = sourcecode.swift; path = TokyoViewController.swift; sourceTree = "<group>"; };
		6664762A248175D2009CD465 /* KanagawaViewController.swift */ = {isa = PBXFileReference; lastKnownFileType = sourcecode.swift; path = KanagawaViewController.swift; sourceTree = "<group>"; };
		6664762C24822BB4009CD465 /* NiigataViewController.swift */ = {isa = PBXFileReference; lastKnownFileType = sourcecode.swift; path = NiigataViewController.swift; sourceTree = "<group>"; };
		6664762E24822BC7009CD465 /* ToyamaViewController.swift */ = {isa = PBXFileReference; lastKnownFileType = sourcecode.swift; path = ToyamaViewController.swift; sourceTree = "<group>"; };
		6664763024822BD6009CD465 /* IshikawaViewController.swift */ = {isa = PBXFileReference; lastKnownFileType = sourcecode.swift; path = IshikawaViewController.swift; sourceTree = "<group>"; };
		6664763224822BE5009CD465 /* FukuiViewController.swift */ = {isa = PBXFileReference; lastKnownFileType = sourcecode.swift; path = FukuiViewController.swift; sourceTree = "<group>"; };
		6664763424822BF6009CD465 /* YamanashiViewController.swift */ = {isa = PBXFileReference; lastKnownFileType = sourcecode.swift; path = YamanashiViewController.swift; sourceTree = "<group>"; };
		6664763624822C04009CD465 /* NaganoViewController.swift */ = {isa = PBXFileReference; lastKnownFileType = sourcecode.swift; path = NaganoViewController.swift; sourceTree = "<group>"; };
		6664763824822C15009CD465 /* GifuViewController.swift */ = {isa = PBXFileReference; lastKnownFileType = sourcecode.swift; path = GifuViewController.swift; sourceTree = "<group>"; };
		6664763A24822C2B009CD465 /* ShizuokaViewController.swift */ = {isa = PBXFileReference; lastKnownFileType = sourcecode.swift; path = ShizuokaViewController.swift; sourceTree = "<group>"; };
		6664763C24822C44009CD465 /* AichiViewController.swift */ = {isa = PBXFileReference; lastKnownFileType = sourcecode.swift; path = AichiViewController.swift; sourceTree = "<group>"; };
		6664763E24822D17009CD465 /* OsakaViewController.swift */ = {isa = PBXFileReference; lastKnownFileType = sourcecode.swift; path = OsakaViewController.swift; sourceTree = "<group>"; };
		6664764024822D27009CD465 /* KyotoViewController.swift */ = {isa = PBXFileReference; lastKnownFileType = sourcecode.swift; path = KyotoViewController.swift; sourceTree = "<group>"; };
		6664764224822D3D009CD465 /* HyogoViewController.swift */ = {isa = PBXFileReference; lastKnownFileType = sourcecode.swift; path = HyogoViewController.swift; sourceTree = "<group>"; };
		6664764424822D56009CD465 /* NaraViewController.swift */ = {isa = PBXFileReference; lastKnownFileType = sourcecode.swift; path = NaraViewController.swift; sourceTree = "<group>"; };
		6664764624822D64009CD465 /* MieViewController.swift */ = {isa = PBXFileReference; lastKnownFileType = sourcecode.swift; path = MieViewController.swift; sourceTree = "<group>"; };
		6664764824822D71009CD465 /* ShigaViewController.swift */ = {isa = PBXFileReference; lastKnownFileType = sourcecode.swift; path = ShigaViewController.swift; sourceTree = "<group>"; };
		6664764A24822D83009CD465 /* WakayamaViewController.swift */ = {isa = PBXFileReference; lastKnownFileType = sourcecode.swift; path = WakayamaViewController.swift; sourceTree = "<group>"; };
		6664764C24822D90009CD465 /* ShimaneViewController.swift */ = {isa = PBXFileReference; lastKnownFileType = sourcecode.swift; path = ShimaneViewController.swift; sourceTree = "<group>"; };
		6664764E24822DB1009CD465 /* TtotoriViewController.swift */ = {isa = PBXFileReference; lastKnownFileType = sourcecode.swift; path = TtotoriViewController.swift; sourceTree = "<group>"; };
		6664765024822DC1009CD465 /* OkayamaViewController.swift */ = {isa = PBXFileReference; lastKnownFileType = sourcecode.swift; path = OkayamaViewController.swift; sourceTree = "<group>"; };
		6664765224822DCF009CD465 /* HiroshimaViewController.swift */ = {isa = PBXFileReference; lastKnownFileType = sourcecode.swift; path = HiroshimaViewController.swift; sourceTree = "<group>"; };
		6664765424822DEB009CD465 /* YamaguchiViewController.swift */ = {isa = PBXFileReference; lastKnownFileType = sourcecode.swift; path = YamaguchiViewController.swift; sourceTree = "<group>"; };
		6664765624822EA1009CD465 /* KagawaViewController.swift */ = {isa = PBXFileReference; lastKnownFileType = sourcecode.swift; path = KagawaViewController.swift; sourceTree = "<group>"; };
		6664765824822EB5009CD465 /* TokushimaViewController.swift */ = {isa = PBXFileReference; lastKnownFileType = sourcecode.swift; path = TokushimaViewController.swift; sourceTree = "<group>"; };
		6664765A24822EC3009CD465 /* EhimeViewController.swift */ = {isa = PBXFileReference; lastKnownFileType = sourcecode.swift; path = EhimeViewController.swift; sourceTree = "<group>"; };
		6664765C24822ED3009CD465 /* KochiViewController.swift */ = {isa = PBXFileReference; lastKnownFileType = sourcecode.swift; path = KochiViewController.swift; sourceTree = "<group>"; };
		6664765E24822EE1009CD465 /* FukuokaViewController.swift */ = {isa = PBXFileReference; lastKnownFileType = sourcecode.swift; path = FukuokaViewController.swift; sourceTree = "<group>"; };
		6664766024822EEC009CD465 /* SagaViewController.swift */ = {isa = PBXFileReference; lastKnownFileType = sourcecode.swift; path = SagaViewController.swift; sourceTree = "<group>"; };
		6664766224822EFB009CD465 /* NagasakiViewController.swift */ = {isa = PBXFileReference; lastKnownFileType = sourcecode.swift; path = NagasakiViewController.swift; sourceTree = "<group>"; };
		6664766424822F0E009CD465 /* KumamotoViewController.swift */ = {isa = PBXFileReference; lastKnownFileType = sourcecode.swift; path = KumamotoViewController.swift; sourceTree = "<group>"; };
		6664766624822F1B009CD465 /* OitaViewController.swift */ = {isa = PBXFileReference; lastKnownFileType = sourcecode.swift; path = OitaViewController.swift; sourceTree = "<group>"; };
		6664766824822F2A009CD465 /* MiyazakiViewController.swift */ = {isa = PBXFileReference; lastKnownFileType = sourcecode.swift; path = MiyazakiViewController.swift; sourceTree = "<group>"; };
		6664766A24822F3B009CD465 /* KagoshimaViewController.swift */ = {isa = PBXFileReference; lastKnownFileType = sourcecode.swift; path = KagoshimaViewController.swift; sourceTree = "<group>"; };
		6664766C24822F46009CD465 /* OkinawaViewController.swift */ = {isa = PBXFileReference; lastKnownFileType = sourcecode.swift; path = OkinawaViewController.swift; sourceTree = "<group>"; };
		66EFFBA52438393900072E86 /* leplan.app */ = {isa = PBXFileReference; explicitFileType = wrapper.application; includeInIndex = 0; path = leplan.app; sourceTree = BUILT_PRODUCTS_DIR; };
		66EFFBA82438393900072E86 /* AppDelegate.swift */ = {isa = PBXFileReference; lastKnownFileType = sourcecode.swift; path = AppDelegate.swift; sourceTree = "<group>"; };
		66EFFBAA2438393900072E86 /* SceneDelegate.swift */ = {isa = PBXFileReference; lastKnownFileType = sourcecode.swift; path = SceneDelegate.swift; sourceTree = "<group>"; };
		66EFFBAC2438393900072E86 /* ViewController.swift */ = {isa = PBXFileReference; lastKnownFileType = sourcecode.swift; path = ViewController.swift; sourceTree = "<group>"; };
		66EFFBAF2438393900072E86 /* Base */ = {isa = PBXFileReference; lastKnownFileType = file.storyboard; name = Base; path = Base.lproj/Main.storyboard; sourceTree = "<group>"; };
		66EFFBB12438393F00072E86 /* Assets.xcassets */ = {isa = PBXFileReference; lastKnownFileType = folder.assetcatalog; path = Assets.xcassets; sourceTree = "<group>"; };
		66EFFBB42438393F00072E86 /* Base */ = {isa = PBXFileReference; lastKnownFileType = file.storyboard; name = Base; path = Base.lproj/LaunchScreen.storyboard; sourceTree = "<group>"; };
		66EFFBB62438393F00072E86 /* Info.plist */ = {isa = PBXFileReference; lastKnownFileType = text.plist.xml; path = Info.plist; sourceTree = "<group>"; };
		66EFFBBC243F892D00072E86 /* MapViewController.swift */ = {isa = PBXFileReference; lastKnownFileType = sourcecode.swift; path = MapViewController.swift; sourceTree = "<group>"; };
/* End PBXFileReference section */

/* Begin PBXFrameworksBuildPhase section */
		66EFFBA22438393900072E86 /* Frameworks */ = {
			isa = PBXFrameworksBuildPhase;
			buildActionMask = 2147483647;
			files = (
			);
			runOnlyForDeploymentPostprocessing = 0;
		};
/* End PBXFrameworksBuildPhase section */

/* Begin PBXGroup section */
		664CBEFC24616F770041E711 /* Frameworks */ = {
			isa = PBXGroup;
			children = (
				664CBF47246170050041E711 /* swift-combinatorics */,
				664CBF2224616FE30041E711 /* swift-combinatorics */,
				664CBEFD24616F780041E711 /* swift-combinatorics */,
			);
			name = Frameworks;
			sourceTree = "<group>";
		};
		664CBEFD24616F780041E711 /* swift-combinatorics */ = {
			isa = PBXGroup;
			children = (
				664CBEFE24616F780041E711 /* LICENSE */,
				664CBEFF24616F780041E711 /* Combinatorics.xcworkspace */,
				664CBF0024616F780041E711 /* Tests */,
				664CBF0524616F780041E711 /* iOS */,
				664CBF0724616F780041E711 /* README.md */,
				664CBF0824616F780041E711 /* BigCombinatorics */,
				664CBF0F24616F780041E711 /* .gitignore */,
				664CBF1024616F780041E711 /* scripts */,
				664CBF1524616F780041E711 /* Package.swift */,
				664CBF1624616F780041E711 /* Sources */,
				664CBF1924616F780041E711 /* .swiftpm */,
				664CBF2024616F780041E711 /* macOS.playground */,
				664CBF2124616F780041E711 /* .travis.yml */,
			);
			name = "swift-combinatorics";
			path = "../swift-combinatorics";
			sourceTree = "<group>";
		};
		664CBF0024616F780041E711 /* Tests */ = {
			isa = PBXGroup;
			children = (
				664CBF0124616F780041E711 /* CombinatoricsTests */,
				664CBF0424616F780041E711 /* LinuxMain.swift */,
			);
			path = Tests;
			sourceTree = "<group>";
		};
		664CBF0124616F780041E711 /* CombinatoricsTests */ = {
			isa = PBXGroup;
			children = (
				664CBF0224616F780041E711 /* XCTestManifests.swift */,
				664CBF0324616F780041E711 /* CombinatoricsTests.swift */,
			);
			path = CombinatoricsTests;
			sourceTree = "<group>";
		};
		664CBF0524616F780041E711 /* iOS */ = {
			isa = PBXGroup;
			children = (
				664CBF0624616F780041E711 /* Combinatorics.playground */,
			);
			path = iOS;
			sourceTree = "<group>";
		};
		664CBF0824616F780041E711 /* BigCombinatorics */ = {
			isa = PBXGroup;
			children = (
				664CBF0924616F780041E711 /* README.md */,
				664CBF0A24616F780041E711 /* .gitignore */,
				664CBF0B24616F780041E711 /* Package.swift */,
				664CBF0C24616F780041E711 /* Sources */,
			);
			path = BigCombinatorics;
			sourceTree = "<group>";
		};
		664CBF0C24616F780041E711 /* Sources */ = {
			isa = PBXGroup;
			children = (
				664CBF0D24616F780041E711 /* BigCombinatorics */,
			);
			path = Sources;
			sourceTree = "<group>";
		};
		664CBF0D24616F780041E711 /* BigCombinatorics */ = {
			isa = PBXGroup;
			children = (
				664CBF0E24616F780041E711 /* main.swift */,
			);
			path = BigCombinatorics;
			sourceTree = "<group>";
		};
		664CBF1024616F780041E711 /* scripts */ = {
			isa = PBXGroup;
			children = (
				664CBF1124616F780041E711 /* travis-prep.sh */,
				664CBF1224616F780041E711 /* run-repl.sh */,
				664CBF1324616F780041E711 /* ios-prep.sh */,
				664CBF1424616F780041E711 /* xcode-prep.sh */,
			);
			path = scripts;
			sourceTree = "<group>";
		};
		664CBF1624616F780041E711 /* Sources */ = {
			isa = PBXGroup;
			children = (
				664CBF1724616F780041E711 /* Combinatorics */,
			);
			path = Sources;
			sourceTree = "<group>";
		};
		664CBF1724616F780041E711 /* Combinatorics */ = {
			isa = PBXGroup;
			children = (
				664CBF1824616F780041E711 /* Combinatorics.swift */,
			);
			path = Combinatorics;
			sourceTree = "<group>";
		};
		664CBF1924616F780041E711 /* .swiftpm */ = {
			isa = PBXGroup;
			children = (
				664CBF1A24616F780041E711 /* xcode */,
			);
			path = .swiftpm;
			sourceTree = "<group>";
		};
		664CBF1A24616F780041E711 /* xcode */ = {
			isa = PBXGroup;
			children = (
				664CBF1B24616F780041E711 /* package.xcworkspace */,
				664CBF1C24616F780041E711 /* xcuserdata */,
			);
			path = xcode;
			sourceTree = "<group>";
		};
		664CBF1C24616F780041E711 /* xcuserdata */ = {
			isa = PBXGroup;
			children = (
				664CBF1D24616F780041E711 /* mayu.xcuserdatad */,
			);
			path = xcuserdata;
			sourceTree = "<group>";
		};
		664CBF1D24616F780041E711 /* mayu.xcuserdatad */ = {
			isa = PBXGroup;
			children = (
				664CBF1E24616F780041E711 /* xcschemes */,
			);
			path = mayu.xcuserdatad;
			sourceTree = "<group>";
		};
		664CBF1E24616F780041E711 /* xcschemes */ = {
			isa = PBXGroup;
			children = (
				664CBF1F24616F780041E711 /* xcschememanagement.plist */,
			);
			path = xcschemes;
			sourceTree = "<group>";
		};
		664CBF2224616FE30041E711 /* swift-combinatorics */ = {
			isa = PBXGroup;
			children = (
				664CBF2324616FE30041E711 /* LICENSE */,
				664CBF2424616FE30041E711 /* Combinatorics.xcworkspace */,
				664CBF2524616FE30041E711 /* Tests */,
				664CBF2A24616FE30041E711 /* iOS */,
				664CBF2C24616FE30041E711 /* README.md */,
				664CBF2D24616FE30041E711 /* BigCombinatorics */,
				664CBF3424616FE30041E711 /* .gitignore */,
				664CBF3524616FE30041E711 /* scripts */,
				664CBF3A24616FE30041E711 /* Package.swift */,
				664CBF3B24616FE30041E711 /* Sources */,
				664CBF3E24616FE30041E711 /* .swiftpm */,
				664CBF4524616FE30041E711 /* macOS.playground */,
				664CBF4624616FE30041E711 /* .travis.yml */,
			);
			name = "swift-combinatorics";
			path = "../swift-combinatorics";
			sourceTree = "<group>";
		};
		664CBF2524616FE30041E711 /* Tests */ = {
			isa = PBXGroup;
			children = (
				664CBF2624616FE30041E711 /* CombinatoricsTests */,
				664CBF2924616FE30041E711 /* LinuxMain.swift */,
			);
			path = Tests;
			sourceTree = "<group>";
		};
		664CBF2624616FE30041E711 /* CombinatoricsTests */ = {
			isa = PBXGroup;
			children = (
				664CBF2724616FE30041E711 /* XCTestManifests.swift */,
				664CBF2824616FE30041E711 /* CombinatoricsTests.swift */,
			);
			path = CombinatoricsTests;
			sourceTree = "<group>";
		};
		664CBF2A24616FE30041E711 /* iOS */ = {
			isa = PBXGroup;
			children = (
				664CBF2B24616FE30041E711 /* Combinatorics.playground */,
			);
			path = iOS;
			sourceTree = "<group>";
		};
		664CBF2D24616FE30041E711 /* BigCombinatorics */ = {
			isa = PBXGroup;
			children = (
				664CBF2E24616FE30041E711 /* README.md */,
				664CBF2F24616FE30041E711 /* .gitignore */,
				664CBF3024616FE30041E711 /* Package.swift */,
				664CBF3124616FE30041E711 /* Sources */,
			);
			path = BigCombinatorics;
			sourceTree = "<group>";
		};
		664CBF3124616FE30041E711 /* Sources */ = {
			isa = PBXGroup;
			children = (
				664CBF3224616FE30041E711 /* BigCombinatorics */,
			);
			path = Sources;
			sourceTree = "<group>";
		};
		664CBF3224616FE30041E711 /* BigCombinatorics */ = {
			isa = PBXGroup;
			children = (
				664CBF3324616FE30041E711 /* main.swift */,
			);
			path = BigCombinatorics;
			sourceTree = "<group>";
		};
		664CBF3524616FE30041E711 /* scripts */ = {
			isa = PBXGroup;
			children = (
				664CBF3624616FE30041E711 /* travis-prep.sh */,
				664CBF3724616FE30041E711 /* run-repl.sh */,
				664CBF3824616FE30041E711 /* ios-prep.sh */,
				664CBF3924616FE30041E711 /* xcode-prep.sh */,
			);
			path = scripts;
			sourceTree = "<group>";
		};
		664CBF3B24616FE30041E711 /* Sources */ = {
			isa = PBXGroup;
			children = (
				664CBF3C24616FE30041E711 /* Combinatorics */,
			);
			path = Sources;
			sourceTree = "<group>";
		};
		664CBF3C24616FE30041E711 /* Combinatorics */ = {
			isa = PBXGroup;
			children = (
				664CBF3D24616FE30041E711 /* Combinatorics.swift */,
			);
			path = Combinatorics;
			sourceTree = "<group>";
		};
		664CBF3E24616FE30041E711 /* .swiftpm */ = {
			isa = PBXGroup;
			children = (
				664CBF3F24616FE30041E711 /* xcode */,
			);
			path = .swiftpm;
			sourceTree = "<group>";
		};
		664CBF3F24616FE30041E711 /* xcode */ = {
			isa = PBXGroup;
			children = (
				664CBF4024616FE30041E711 /* package.xcworkspace */,
				664CBF4124616FE30041E711 /* xcuserdata */,
			);
			path = xcode;
			sourceTree = "<group>";
		};
		664CBF4124616FE30041E711 /* xcuserdata */ = {
			isa = PBXGroup;
			children = (
				664CBF4224616FE30041E711 /* mayu.xcuserdatad */,
			);
			path = xcuserdata;
			sourceTree = "<group>";
		};
		664CBF4224616FE30041E711 /* mayu.xcuserdatad */ = {
			isa = PBXGroup;
			children = (
				664CBF4324616FE30041E711 /* xcschemes */,
			);
			path = mayu.xcuserdatad;
			sourceTree = "<group>";
		};
		664CBF4324616FE30041E711 /* xcschemes */ = {
			isa = PBXGroup;
			children = (
				664CBF4424616FE30041E711 /* xcschememanagement.plist */,
			);
			path = xcschemes;
			sourceTree = "<group>";
		};
		664CBF47246170050041E711 /* swift-combinatorics */ = {
			isa = PBXGroup;
			children = (
				664CBF48246170050041E711 /* LICENSE */,
				664CBF49246170050041E711 /* Combinatorics.xcworkspace */,
				664CBF4A246170050041E711 /* Tests */,
				664CBF4F246170050041E711 /* iOS */,
				664CBF51246170050041E711 /* README.md */,
				664CBF52246170050041E711 /* BigCombinatorics */,
				664CBF59246170050041E711 /* .gitignore */,
				664CBF5A246170050041E711 /* scripts */,
				664CBF5F246170050041E711 /* Package.swift */,
				664CBF60246170050041E711 /* Sources */,
				664CBF63246170050041E711 /* .swiftpm */,
				664CBF6A246170050041E711 /* macOS.playground */,
				664CBF6B246170050041E711 /* .travis.yml */,
			);
			name = "swift-combinatorics";
			path = "../swift-combinatorics";
			sourceTree = "<group>";
		};
		664CBF4A246170050041E711 /* Tests */ = {
			isa = PBXGroup;
			children = (
				664CBF4B246170050041E711 /* CombinatoricsTests */,
				664CBF4E246170050041E711 /* LinuxMain.swift */,
			);
			path = Tests;
			sourceTree = "<group>";
		};
		664CBF4B246170050041E711 /* CombinatoricsTests */ = {
			isa = PBXGroup;
			children = (
				664CBF4C246170050041E711 /* XCTestManifests.swift */,
				664CBF4D246170050041E711 /* CombinatoricsTests.swift */,
			);
			path = CombinatoricsTests;
			sourceTree = "<group>";
		};
		664CBF4F246170050041E711 /* iOS */ = {
			isa = PBXGroup;
			children = (
				664CBF50246170050041E711 /* Combinatorics.playground */,
			);
			path = iOS;
			sourceTree = "<group>";
		};
		664CBF52246170050041E711 /* BigCombinatorics */ = {
			isa = PBXGroup;
			children = (
				664CBF53246170050041E711 /* README.md */,
				664CBF54246170050041E711 /* .gitignore */,
				664CBF55246170050041E711 /* Package.swift */,
				664CBF56246170050041E711 /* Sources */,
			);
			path = BigCombinatorics;
			sourceTree = "<group>";
		};
		664CBF56246170050041E711 /* Sources */ = {
			isa = PBXGroup;
			children = (
				664CBF57246170050041E711 /* BigCombinatorics */,
			);
			path = Sources;
			sourceTree = "<group>";
		};
		664CBF57246170050041E711 /* BigCombinatorics */ = {
			isa = PBXGroup;
			children = (
				664CBF58246170050041E711 /* main.swift */,
			);
			path = BigCombinatorics;
			sourceTree = "<group>";
		};
		664CBF5A246170050041E711 /* scripts */ = {
			isa = PBXGroup;
			children = (
				664CBF5B246170050041E711 /* travis-prep.sh */,
				664CBF5C246170050041E711 /* run-repl.sh */,
				664CBF5D246170050041E711 /* ios-prep.sh */,
				664CBF5E246170050041E711 /* xcode-prep.sh */,
			);
			path = scripts;
			sourceTree = "<group>";
		};
		664CBF60246170050041E711 /* Sources */ = {
			isa = PBXGroup;
			children = (
				664CBF61246170050041E711 /* Combinatorics */,
			);
			path = Sources;
			sourceTree = "<group>";
		};
		664CBF61246170050041E711 /* Combinatorics */ = {
			isa = PBXGroup;
			children = (
				664CBF62246170050041E711 /* Combinatorics.swift */,
			);
			path = Combinatorics;
			sourceTree = "<group>";
		};
		664CBF63246170050041E711 /* .swiftpm */ = {
			isa = PBXGroup;
			children = (
				664CBF64246170050041E711 /* xcode */,
			);
			path = .swiftpm;
			sourceTree = "<group>";
		};
		664CBF64246170050041E711 /* xcode */ = {
			isa = PBXGroup;
			children = (
				664CBF65246170050041E711 /* package.xcworkspace */,
				664CBF66246170050041E711 /* xcuserdata */,
			);
			path = xcode;
			sourceTree = "<group>";
		};
		664CBF66246170050041E711 /* xcuserdata */ = {
			isa = PBXGroup;
			children = (
				664CBF67246170050041E711 /* mayu.xcuserdatad */,
			);
			path = xcuserdata;
			sourceTree = "<group>";
		};
		664CBF67246170050041E711 /* mayu.xcuserdatad */ = {
			isa = PBXGroup;
			children = (
				664CBF68246170050041E711 /* xcschemes */,
			);
			path = mayu.xcuserdatad;
			sourceTree = "<group>";
		};
		664CBF68246170050041E711 /* xcschemes */ = {
			isa = PBXGroup;
			children = (
				664CBF69246170050041E711 /* xcschememanagement.plist */,
			);
			path = xcschemes;
			sourceTree = "<group>";
		};
		66EFFB9C2438393900072E86 = {
			isa = PBXGroup;
			children = (
				66EFFBA72438393900072E86 /* leplan */,
				66EFFBA62438393900072E86 /* Products */,
				664CBEFC24616F770041E711 /* Frameworks */,
			);
			sourceTree = "<group>";
		};
		66EFFBA62438393900072E86 /* Products */ = {
			isa = PBXGroup;
			children = (
				66EFFBA52438393900072E86 /* leplan.app */,
			);
			name = Products;
			sourceTree = "<group>";
		};
		66EFFBA72438393900072E86 /* leplan */ = {
			isa = PBXGroup;
			children = (
				66EFFBA82438393900072E86 /* AppDelegate.swift */,
				66EFFBAA2438393900072E86 /* SceneDelegate.swift */,
				66EFFBAC2438393900072E86 /* ViewController.swift */,
				66EFFBAE2438393900072E86 /* Main.storyboard */,
				66EFFBB12438393F00072E86 /* Assets.xcassets */,
				66EFFBB32438393F00072E86 /* LaunchScreen.storyboard */,
				66EFFBB62438393F00072E86 /* Info.plist */,
				66EFFBBC243F892D00072E86 /* MapViewController.swift */,
				664CBF6C2463FFDB0041E711 /* DetailViewController.swift */,
				664CBF6E24646A560041E711 /* TitleViewController.swift */,
				664CBF90246553470041E711 /* StartingViewController.swift */,
				6664760E247F8FC2009CD465 /* PrefectureViewController.swift */,
				6664761224804C2B009CD465 /* HokkaidoViewController.swift */,
				6664761424813576009CD465 /* MiyagiViewController.swift */,
				66647616248174E5009CD465 /* AomoriViewController.swift */,
				6664761824817523009CD465 /* AkitaViewController.swift */,
				6664761A24817537009CD465 /* YamagataViewController.swift */,
				6664761C24817548009CD465 /* FukushimaViewController.swift */,
				6664761E24817560009CD465 /* IwateViewController.swift */,
				6664762024817575009CD465 /* IbaragiViewController.swift */,
				6664762224817587009CD465 /* GunmaViewController.swift */,
				6664762424817598009CD465 /* SaitamaViewController.swift */,
				66647626248175A9009CD465 /* ChibaViewController.swift */,
				66647628248175BD009CD465 /* TokyoViewController.swift */,
				6664762A248175D2009CD465 /* KanagawaViewController.swift */,
				6664762C24822BB4009CD465 /* NiigataViewController.swift */,
				6664762E24822BC7009CD465 /* ToyamaViewController.swift */,
				6664763024822BD6009CD465 /* IshikawaViewController.swift */,
				6664763224822BE5009CD465 /* FukuiViewController.swift */,
				6664763424822BF6009CD465 /* YamanashiViewController.swift */,
				6664763624822C04009CD465 /* NaganoViewController.swift */,
				6664763824822C15009CD465 /* GifuViewController.swift */,
				6664763A24822C2B009CD465 /* ShizuokaViewController.swift */,
				6664763C24822C44009CD465 /* AichiViewController.swift */,
				6664763E24822D17009CD465 /* OsakaViewController.swift */,
				6664764024822D27009CD465 /* KyotoViewController.swift */,
				6664764224822D3D009CD465 /* HyogoViewController.swift */,
				6664764424822D56009CD465 /* NaraViewController.swift */,
				6664764624822D64009CD465 /* MieViewController.swift */,
				6664764824822D71009CD465 /* ShigaViewController.swift */,
				6664764A24822D83009CD465 /* WakayamaViewController.swift */,
				6664764C24822D90009CD465 /* ShimaneViewController.swift */,
				6664764E24822DB1009CD465 /* TtotoriViewController.swift */,
				6664765024822DC1009CD465 /* OkayamaViewController.swift */,
				6664765224822DCF009CD465 /* HiroshimaViewController.swift */,
				6664765424822DEB009CD465 /* YamaguchiViewController.swift */,
				6664765624822EA1009CD465 /* KagawaViewController.swift */,
				6664765824822EB5009CD465 /* TokushimaViewController.swift */,
				6664765A24822EC3009CD465 /* EhimeViewController.swift */,
				6664765C24822ED3009CD465 /* KochiViewController.swift */,
				6664765E24822EE1009CD465 /* FukuokaViewController.swift */,
				6664766024822EEC009CD465 /* SagaViewController.swift */,
				6664766224822EFB009CD465 /* NagasakiViewController.swift */,
				6664766424822F0E009CD465 /* KumamotoViewController.swift */,
				6664766624822F1B009CD465 /* OitaViewController.swift */,
				6664766824822F2A009CD465 /* MiyazakiViewController.swift */,
				6664766A24822F3B009CD465 /* KagoshimaViewController.swift */,
				6664766C24822F46009CD465 /* OkinawaViewController.swift */,
			);
			path = leplan;
			sourceTree = "<group>";
		};
/* End PBXGroup section */

/* Begin PBXNativeTarget section */
		66EFFBA42438393900072E86 /* leplan */ = {
			isa = PBXNativeTarget;
			buildConfigurationList = 66EFFBB92438393F00072E86 /* Build configuration list for PBXNativeTarget "leplan" */;
			buildPhases = (
				66EFFBA12438393900072E86 /* Sources */,
				66EFFBA22438393900072E86 /* Frameworks */,
				66EFFBA32438393900072E86 /* Resources */,
			);
			buildRules = (
			);
			dependencies = (
			);
			name = leplan;
			productName = leplan;
			productReference = 66EFFBA52438393900072E86 /* leplan.app */;
			productType = "com.apple.product-type.application";
		};
/* End PBXNativeTarget section */

/* Begin PBXProject section */
		66EFFB9D2438393900072E86 /* Project object */ = {
			isa = PBXProject;
			attributes = {
				LastSwiftUpdateCheck = 1140;
				LastUpgradeCheck = 1140;
				ORGANIZATIONNAME = MayuUenishi;
				TargetAttributes = {
					66EFFBA42438393900072E86 = {
						CreatedOnToolsVersion = 11.4;
					};
				};
			};
			buildConfigurationList = 66EFFBA02438393900072E86 /* Build configuration list for PBXProject "leplan" */;
			compatibilityVersion = "Xcode 9.3";
			developmentRegion = en;
			hasScannedForEncodings = 0;
			knownRegions = (
				en,
				Base,
			);
			mainGroup = 66EFFB9C2438393900072E86;
			productRefGroup = 66EFFBA62438393900072E86 /* Products */;
			projectDirPath = "";
			projectRoot = "";
			targets = (
				66EFFBA42438393900072E86 /* leplan */,
			);
		};
/* End PBXProject section */

/* Begin PBXResourcesBuildPhase section */
		66EFFBA32438393900072E86 /* Resources */ = {
			isa = PBXResourcesBuildPhase;
			buildActionMask = 2147483647;
			files = (
				66EFFBB52438393F00072E86 /* LaunchScreen.storyboard in Resources */,
				66EFFBB22438393F00072E86 /* Assets.xcassets in Resources */,
				66EFFBB02438393900072E86 /* Main.storyboard in Resources */,
			);
			runOnlyForDeploymentPostprocessing = 0;
		};
/* End PBXResourcesBuildPhase section */

/* Begin PBXSourcesBuildPhase section */
		66EFFBA12438393900072E86 /* Sources */ = {
			isa = PBXSourcesBuildPhase;
			buildActionMask = 2147483647;
			files = (
				6664765324822DCF009CD465 /* HiroshimaViewController.swift in Sources */,
				6664765124822DC1009CD465 /* OkayamaViewController.swift in Sources */,
				6664765F24822EE1009CD465 /* FukuokaViewController.swift in Sources */,
				6664763524822BF6009CD465 /* YamanashiViewController.swift in Sources */,
				6664766324822EFB009CD465 /* NagasakiViewController.swift in Sources */,
				6664763924822C15009CD465 /* GifuViewController.swift in Sources */,
				66647627248175A9009CD465 /* ChibaViewController.swift in Sources */,
				6664764924822D71009CD465 /* ShigaViewController.swift in Sources */,
				6664763D24822C44009CD465 /* AichiViewController.swift in Sources */,
				6664761D24817548009CD465 /* FukushimaViewController.swift in Sources */,
				6664766724822F1B009CD465 /* OitaViewController.swift in Sources */,
				6664763F24822D17009CD465 /* OsakaViewController.swift in Sources */,
				6664765B24822EC3009CD465 /* EhimeViewController.swift in Sources */,
				6664763B24822C2B009CD465 /* ShizuokaViewController.swift in Sources */,
				66EFFBAD2438393900072E86 /* ViewController.swift in Sources */,
				6664763724822C04009CD465 /* NaganoViewController.swift in Sources */,
				6664764124822D27009CD465 /* KyotoViewController.swift in Sources */,
				6664766924822F2A009CD465 /* MiyazakiViewController.swift in Sources */,
				66EFFBA92438393900072E86 /* AppDelegate.swift in Sources */,
				6664762D24822BB4009CD465 /* NiigataViewController.swift in Sources */,
				664CBF6D2463FFDB0041E711 /* DetailViewController.swift in Sources */,
				66647629248175BD009CD465 /* TokyoViewController.swift in Sources */,
				6664762324817587009CD465 /* GunmaViewController.swift in Sources */,
				6664762124817575009CD465 /* IbaragiViewController.swift in Sources */,
				6664764724822D64009CD465 /* MieViewController.swift in Sources */,
				6664762F24822BC7009CD465 /* ToyamaViewController.swift in Sources */,
				6664765524822DEB009CD465 /* YamaguchiViewController.swift in Sources */,
				66EFFBAB2438393900072E86 /* SceneDelegate.swift in Sources */,
				6664765724822EA1009CD465 /* KagawaViewController.swift in Sources */,
				6664766B24822F3B009CD465 /* KagoshimaViewController.swift in Sources */,
				6664761524813576009CD465 /* MiyagiViewController.swift in Sources */,
				664CBF91246553470041E711 /* StartingViewController.swift in Sources */,
				6664760F247F8FC2009CD465 /* PrefectureViewController.swift in Sources */,
				66EFFBBD243F892D00072E86 /* MapViewController.swift in Sources */,
				6664766124822EEC009CD465 /* SagaViewController.swift in Sources */,
				6664766D24822F46009CD465 /* OkinawaViewController.swift in Sources */,
				6664761F24817560009CD465 /* IwateViewController.swift in Sources */,
				6664764F24822DB1009CD465 /* TtotoriViewController.swift in Sources */,
				664CBF6F24646A560041E711 /* TitleViewController.swift in Sources */,
				6664764324822D3D009CD465 /* HyogoViewController.swift in Sources */,
				6664765924822EB5009CD465 /* TokushimaViewController.swift in Sources */,
				6664761924817523009CD465 /* AkitaViewController.swift in Sources */,
				6664761B24817537009CD465 /* YamagataViewController.swift in Sources */,
				6664761324804C2B009CD465 /* HokkaidoViewController.swift in Sources */,
				66647617248174E5009CD465 /* AomoriViewController.swift in Sources */,
				6664766524822F0E009CD465 /* KumamotoViewController.swift in Sources */,
				6664762524817598009CD465 /* SaitamaViewController.swift in Sources */,
				6664764524822D56009CD465 /* NaraViewController.swift in Sources */,
				6664763324822BE5009CD465 /* FukuiViewController.swift in Sources */,
				6664765D24822ED3009CD465 /* KochiViewController.swift in Sources */,
				6664764D24822D90009CD465 /* ShimaneViewController.swift in Sources */,
				6664762B248175D2009CD465 /* KanagawaViewController.swift in Sources */,
				6664763124822BD6009CD465 /* IshikawaViewController.swift in Sources */,
				6664764B24822D83009CD465 /* WakayamaViewController.swift in Sources */,
			);
			runOnlyForDeploymentPostprocessing = 0;
		};
/* End PBXSourcesBuildPhase section */

/* Begin PBXVariantGroup section */
		66EFFBAE2438393900072E86 /* Main.storyboard */ = {
			isa = PBXVariantGroup;
			children = (
				66EFFBAF2438393900072E86 /* Base */,
			);
			name = Main.storyboard;
			sourceTree = "<group>";
		};
		66EFFBB32438393F00072E86 /* LaunchScreen.storyboard */ = {
			isa = PBXVariantGroup;
			children = (
				66EFFBB42438393F00072E86 /* Base */,
			);
			name = LaunchScreen.storyboard;
			sourceTree = "<group>";
		};
/* End PBXVariantGroup section */

/* Begin XCBuildConfiguration section */
		66EFFBB72438393F00072E86 /* Debug */ = {
			isa = XCBuildConfiguration;
			buildSettings = {
				ALWAYS_SEARCH_USER_PATHS = NO;
				CLANG_ANALYZER_NONNULL = YES;
				CLANG_ANALYZER_NUMBER_OBJECT_CONVERSION = YES_AGGRESSIVE;
				CLANG_CXX_LANGUAGE_STANDARD = "gnu++14";
				CLANG_CXX_LIBRARY = "libc++";
				CLANG_ENABLE_MODULES = YES;
				CLANG_ENABLE_OBJC_ARC = YES;
				CLANG_ENABLE_OBJC_WEAK = YES;
				CLANG_WARN_BLOCK_CAPTURE_AUTORELEASING = YES;
				CLANG_WARN_BOOL_CONVERSION = YES;
				CLANG_WARN_COMMA = YES;
				CLANG_WARN_CONSTANT_CONVERSION = YES;
				CLANG_WARN_DEPRECATED_OBJC_IMPLEMENTATIONS = YES;
				CLANG_WARN_DIRECT_OBJC_ISA_USAGE = YES_ERROR;
				CLANG_WARN_DOCUMENTATION_COMMENTS = YES;
				CLANG_WARN_EMPTY_BODY = YES;
				CLANG_WARN_ENUM_CONVERSION = YES;
				CLANG_WARN_INFINITE_RECURSION = YES;
				CLANG_WARN_INT_CONVERSION = YES;
				CLANG_WARN_NON_LITERAL_NULL_CONVERSION = YES;
				CLANG_WARN_OBJC_IMPLICIT_RETAIN_SELF = YES;
				CLANG_WARN_OBJC_LITERAL_CONVERSION = YES;
				CLANG_WARN_OBJC_ROOT_CLASS = YES_ERROR;
				CLANG_WARN_RANGE_LOOP_ANALYSIS = YES;
				CLANG_WARN_STRICT_PROTOTYPES = YES;
				CLANG_WARN_SUSPICIOUS_MOVE = YES;
				CLANG_WARN_UNGUARDED_AVAILABILITY = YES_AGGRESSIVE;
				CLANG_WARN_UNREACHABLE_CODE = YES;
				CLANG_WARN__DUPLICATE_METHOD_MATCH = YES;
				COPY_PHASE_STRIP = NO;
				DEBUG_INFORMATION_FORMAT = dwarf;
				ENABLE_STRICT_OBJC_MSGSEND = YES;
				ENABLE_TESTABILITY = YES;
				GCC_C_LANGUAGE_STANDARD = gnu11;
				GCC_DYNAMIC_NO_PIC = NO;
				GCC_NO_COMMON_BLOCKS = YES;
				GCC_OPTIMIZATION_LEVEL = 0;
				GCC_PREPROCESSOR_DEFINITIONS = (
					"DEBUG=1",
					"$(inherited)",
				);
				GCC_WARN_64_TO_32_BIT_CONVERSION = YES;
				GCC_WARN_ABOUT_RETURN_TYPE = YES_ERROR;
				GCC_WARN_UNDECLARED_SELECTOR = YES;
				GCC_WARN_UNINITIALIZED_AUTOS = YES_AGGRESSIVE;
				GCC_WARN_UNUSED_FUNCTION = YES;
				GCC_WARN_UNUSED_VARIABLE = YES;
				IPHONEOS_DEPLOYMENT_TARGET = 13.4;
				MTL_ENABLE_DEBUG_INFO = INCLUDE_SOURCE;
				MTL_FAST_MATH = YES;
				ONLY_ACTIVE_ARCH = YES;
				SDKROOT = iphoneos;
				SWIFT_ACTIVE_COMPILATION_CONDITIONS = DEBUG;
				SWIFT_OPTIMIZATION_LEVEL = "-Onone";
			};
			name = Debug;
		};
		66EFFBB82438393F00072E86 /* Release */ = {
			isa = XCBuildConfiguration;
			buildSettings = {
				ALWAYS_SEARCH_USER_PATHS = NO;
				CLANG_ANALYZER_NONNULL = YES;
				CLANG_ANALYZER_NUMBER_OBJECT_CONVERSION = YES_AGGRESSIVE;
				CLANG_CXX_LANGUAGE_STANDARD = "gnu++14";
				CLANG_CXX_LIBRARY = "libc++";
				CLANG_ENABLE_MODULES = YES;
				CLANG_ENABLE_OBJC_ARC = YES;
				CLANG_ENABLE_OBJC_WEAK = YES;
				CLANG_WARN_BLOCK_CAPTURE_AUTORELEASING = YES;
				CLANG_WARN_BOOL_CONVERSION = YES;
				CLANG_WARN_COMMA = YES;
				CLANG_WARN_CONSTANT_CONVERSION = YES;
				CLANG_WARN_DEPRECATED_OBJC_IMPLEMENTATIONS = YES;
				CLANG_WARN_DIRECT_OBJC_ISA_USAGE = YES_ERROR;
				CLANG_WARN_DOCUMENTATION_COMMENTS = YES;
				CLANG_WARN_EMPTY_BODY = YES;
				CLANG_WARN_ENUM_CONVERSION = YES;
				CLANG_WARN_INFINITE_RECURSION = YES;
				CLANG_WARN_INT_CONVERSION = YES;
				CLANG_WARN_NON_LITERAL_NULL_CONVERSION = YES;
				CLANG_WARN_OBJC_IMPLICIT_RETAIN_SELF = YES;
				CLANG_WARN_OBJC_LITERAL_CONVERSION = YES;
				CLANG_WARN_OBJC_ROOT_CLASS = YES_ERROR;
				CLANG_WARN_RANGE_LOOP_ANALYSIS = YES;
				CLANG_WARN_STRICT_PROTOTYPES = YES;
				CLANG_WARN_SUSPICIOUS_MOVE = YES;
				CLANG_WARN_UNGUARDED_AVAILABILITY = YES_AGGRESSIVE;
				CLANG_WARN_UNREACHABLE_CODE = YES;
				CLANG_WARN__DUPLICATE_METHOD_MATCH = YES;
				COPY_PHASE_STRIP = NO;
				DEBUG_INFORMATION_FORMAT = "dwarf-with-dsym";
				ENABLE_NS_ASSERTIONS = NO;
				ENABLE_STRICT_OBJC_MSGSEND = YES;
				GCC_C_LANGUAGE_STANDARD = gnu11;
				GCC_NO_COMMON_BLOCKS = YES;
				GCC_WARN_64_TO_32_BIT_CONVERSION = YES;
				GCC_WARN_ABOUT_RETURN_TYPE = YES_ERROR;
				GCC_WARN_UNDECLARED_SELECTOR = YES;
				GCC_WARN_UNINITIALIZED_AUTOS = YES_AGGRESSIVE;
				GCC_WARN_UNUSED_FUNCTION = YES;
				GCC_WARN_UNUSED_VARIABLE = YES;
				IPHONEOS_DEPLOYMENT_TARGET = 13.4;
				MTL_ENABLE_DEBUG_INFO = NO;
				MTL_FAST_MATH = YES;
				SDKROOT = iphoneos;
				SWIFT_COMPILATION_MODE = wholemodule;
				SWIFT_OPTIMIZATION_LEVEL = "-O";
				VALIDATE_PRODUCT = YES;
			};
			name = Release;
		};
		66EFFBBA2438393F00072E86 /* Debug */ = {
			isa = XCBuildConfiguration;
			buildSettings = {
				ASSETCATALOG_COMPILER_APPICON_NAME = AppIcon;
				CODE_SIGN_STYLE = Automatic;
				DEVELOPMENT_TEAM = G5595JH7CM;
				INFOPLIST_FILE = leplan/Info.plist;
				LD_RUNPATH_SEARCH_PATHS = (
					"$(inherited)",
					"@executable_path/Frameworks",
				);
				PRODUCT_BUNDLE_IDENTIFIER = com.gmail.mayu1368.leplan;
				PRODUCT_NAME = "$(TARGET_NAME)";
				SWIFT_VERSION = 5.0;
				TARGETED_DEVICE_FAMILY = "1,2";
			};
			name = Debug;
		};
		66EFFBBB2438393F00072E86 /* Release */ = {
			isa = XCBuildConfiguration;
			buildSettings = {
				ASSETCATALOG_COMPILER_APPICON_NAME = AppIcon;
				CODE_SIGN_STYLE = Automatic;
				DEVELOPMENT_TEAM = G5595JH7CM;
				INFOPLIST_FILE = leplan/Info.plist;
				LD_RUNPATH_SEARCH_PATHS = (
					"$(inherited)",
					"@executable_path/Frameworks",
				);
				PRODUCT_BUNDLE_IDENTIFIER = com.gmail.mayu1368.leplan;
				PRODUCT_NAME = "$(TARGET_NAME)";
				SWIFT_VERSION = 5.0;
				TARGETED_DEVICE_FAMILY = "1,2";
			};
			name = Release;
		};
/* End XCBuildConfiguration section */

/* Begin XCConfigurationList section */
		66EFFBA02438393900072E86 /* Build configuration list for PBXProject "leplan" */ = {
			isa = XCConfigurationList;
			buildConfigurations = (
				66EFFBB72438393F00072E86 /* Debug */,
				66EFFBB82438393F00072E86 /* Release */,
			);
			defaultConfigurationIsVisible = 0;
			defaultConfigurationName = Release;
		};
		66EFFBB92438393F00072E86 /* Build configuration list for PBXNativeTarget "leplan" */ = {
			isa = XCConfigurationList;
			buildConfigurations = (
				66EFFBBA2438393F00072E86 /* Debug */,
				66EFFBBB2438393F00072E86 /* Release */,
			);
			defaultConfigurationIsVisible = 0;
			defaultConfigurationName = Release;
		};
/* End XCConfigurationList section */
	};
	rootObject = 66EFFB9D2438393900072E86 /* Project object */;
}
